{
  "nodes": {
    "fenix": {
      "inputs": {
        "nixpkgs": [
          "fh",
          "nixpkgs"
        ],
        "rust-analyzer-src": "rust-analyzer-src"
      },
      "locked": {
        "lastModified": 1719815435,
        "narHash": "sha256-K2xFp142onP35jcx7li10xUxNVEVRWjAdY8DSuR7Naw=",
        "rev": "ebfe2c639111d7e82972a12711206afaeeda2450",
        "revCount": 1924,
        "type": "tarball",
        "url": "https://api.flakehub.com/f/pinned/nix-community/fenix/0.1.1924%2Brev-ebfe2c639111d7e82972a12711206afaeeda2450/01906d5e-442a-7bca-a2c1-55121965b1a0/source.tar.gz"
      },
      "original": {
        "type": "tarball",
        "url": "https://flakehub.com/f/nix-community/fenix/0.1.1584.tar.gz"
      }
    },
    "fh": {
      "inputs": {
        "fenix": "fenix",
        "naersk": "naersk",
        "nixpkgs": [
          "nixpkgs"
        ]
      },
      "locked": {
        "lastModified": 1722867486,
        "narHash": "sha256-HF4OQXvTgSMLYA0olJfgk1FGf176h1+/PkqGp4vVIzg=",
        "owner": "DeterminateSystems",
        "repo": "fh",
        "rev": "5898cf2f6f461c6102ba93a08e9d1c13e89b1d7c",
        "type": "github"
      },
      "original": {
        "owner": "DeterminateSystems",
        "repo": "fh",
        "type": "github"
      }
    },
    "naersk": {
      "inputs": {
        "nixpkgs": [
          "fh",
          "nixpkgs"
        ]
      },
      "locked": {
        "lastModified": 1721727458,
        "narHash": "sha256-r/xppY958gmZ4oTfLiHN0ZGuQ+RSTijDblVgVLFi1mw=",
        "rev": "3fb418eaf352498f6b6c30592e3beb63df42ef11",
        "revCount": 345,
        "type": "tarball",
        "url": "https://api.flakehub.com/f/pinned/nix-community/naersk/0.1.345%2Brev-3fb418eaf352498f6b6c30592e3beb63df42ef11/0190def5-5fc0-7c65-9b14-61402f53cd47/source.tar.gz"
      },
      "original": {
        "type": "tarball",
        "url": "https://flakehub.com/f/nix-community/naersk/0.1.345.tar.gz"
      }
    },
    "nixpkgs": {
      "locked": {
        "lastModified": 1725634671,
        "narHash": "sha256-v3rIhsJBOMLR8e/RNWxr828tB+WywYIoajrZKFM+0Gg=",
        "owner": "NixOS",
        "repo": "nixpkgs",
        "rev": "574d1eac1c200690e27b8eb4e24887f8df7ac27c",
        "type": "github"
      },
      "original": {
        "owner": "NixOS",
        "ref": "nixos-unstable",
        "repo": "nixpkgs",
        "type": "github"
      }
    },
    "root": {
      "inputs": {
        "fh": "fh",
        "nixpkgs": "nixpkgs"
      }
    },
    "rust-analyzer-src": {
      "flake": false,
      "locked": {
        "lastModified": 1719760370,
        "narHash": "sha256-fsxAuW6RxKZYjAP3biUC6C4vaYFhDfWv8lp1Tmx3ZCY=",
        "owner": "rust-lang",
        "repo": "rust-analyzer",
        "rev": "ea7fdada6a0940b239ddbde2048a4d7dac1efe1e",
        "type": "github"
      },
      "original": {
        "owner": "rust-lang",
        "ref": "nightly",
        "repo": "rust-analyzer",
        "type": "github"
      }
    }
  },
  "root": "root",
  "version": 7
}
